{
  "originHash" : "a3e9eda31159cb2480e97a7f3c29a91d05f169afd89fa54fe017de42a82b0730",
  "pins" : [
    {
      "identity" : "auth0.swift",
      "kind" : "remoteSourceControl",
      "location" : "https://github.com/auth0/Auth0.swift.git",
      "state" : {
        "revision" : "c4d9e1e75d21607d8c972054c700fc1bed63156c",
        "version" : "2.14.0"
      }
    },
    {
      "identity" : "commonui_sdk_ios",
      "kind" : "remoteSourceControl",
      "location" : "https://github.com/zendesk/commonui_sdk_ios",
      "state" : {
        "revision" : "8c1ab48a4a04637c42afc46d6b45b57c26ac05aa",
        "version" : "9.0.2"
      }
    },
    {
      "identity" : "core_sdk_ios",
      "kind" : "remoteSourceControl",
      "location" : "https://github.com/zendesk/core_sdk_ios",
      "state" : {
        "revision" : "4d676f214e48017d102cd499d5f453c5cf6d9ef2",
        "version" : "5.0.4"
      }
    },
    {
      "identity" : "jwtdecode.swift",
      "kind" : "remoteSourceControl",
      "location" : "https://github.com/auth0/JWTDecode.swift.git",
      "state" : {
        "revision" : "36a5ce735a61c4bc119593f43ce2c027b4ca7392",
        "version" : "3.3.0"
      }
    },
    {
      "identity" : "messaging_sdk_ios",
      "kind" : "remoteSourceControl",
      "location" : "https://github.com/zendesk/messaging_sdk_ios",
      "state" : {
        "revision" : "0f81007fe9c9467bc583040f3343b205311cebfd",
        "version" : "6.0.2"
      }
    },
    {
      "identity" : "messagingapi_sdk_ios",
      "kind" : "remoteSourceControl",
      "location" : "https://github.com/zendesk/messagingapi_sdk_ios",
      "state" : {
        "revision" : "f86020a681e28a7bfae9e2445eb027d37dc5d5f5",
        "version" : "6.0.1"
      }
    },
    {
      "identity" : "sdkconfigurations_sdk_ios",
      "kind" : "remoteSourceControl",
      "location" : "https://github.com/zendesk/sdkconfigurations_sdk_ios",
      "state" : {
        "revision" : "fec7b8bf3d85cb895a0820a2f9d102f9d6ba3070",
        "version" : "4.0.0"
      }
    },
    {
      "identity" : "simplekeychain",
      "kind" : "remoteSourceControl",
      "location" : "https://github.com/auth0/SimpleKeychain.git",
      "state" : {
        "revision" : "776c4a6db74d5c6c143974be91c383680d468630",
        "version" : "1.3.0"
      }
    },
    {
      "identity" : "support_providers_sdk_ios",
      "kind" : "remoteSourceControl",
      "location" : "https://github.com/zendesk/support_providers_sdk_ios",
      "state" : {
        "revision" : "b8194243297eaab61a92138a1dc5872bce358346",
        "version" : "8.0.4"
      }
    },
    {
      "identity" : "support_sdk_ios",
      "kind" : "remoteSourceControl",
      "location" : "https://github.com/zendesk/support_sdk_ios",
      "state" : {
        "revision" : "6b5f6d2ffc92c10d38cb9c716ae37b2832230c89",
        "version" : "8.0.4"
      }
    }
  ],
  "version" : 3
}
