// !$*UTF8*$!
{
	archiveVersion = 1;
	classes = {
	};
	objectVersion = 56;
	objects = {

/* Begin PBXBuildFile section */
		230C20112E43B82400519AFB /* Theme.swift in Sources */ = {isa = PBXBuildFile; fileRef = 230C20102E43B82400519AFB /* Theme.swift */; };
		52A748F95ABEA0A7EA6356F9 /* API.swift in Sources */ = {isa = PBXBuildFile; fileRef = 38BFC837175CD511C1D03180 /* API.swift */; };
		5FA2321949039A474A3A9585 /* HistoryView.swift in Sources */ = {isa = PBXBuildFile; fileRef = FF86C7678F94B5CA6076694D /* HistoryView.swift */; };
		62E4E46D08DE8749D10CD45B /* RNGApp.swift in Sources */ = {isa = PBXBuildFile; fileRef = F1727A4718B7F994AFC988AD /* RNGApp.swift */; };
		7242BB97A66C23BC804AECFC /* MainView.swift in Sources */ = {isa = PBXBuildFile; fileRef = CE80CEF3EEEAD5DCBAC0098C /* MainView.swift */; };
		A3BE4C84DD474B391A54F9B8 /* ProfileView.swift in Sources */ = {isa = PBXBuildFile; fileRef = E3DE6CF77EFB458215882E5E /* ProfileView.swift */; };
		BA98272A02055990E212CD18 /* DashboardView.swift in Sources */ = {isa = PBXBuildFile; fileRef = 16A61F845CE7A349559C7090 /* DashboardView.swift */; };
		BBF43E2454DA7B59F56A135E /* LoginView.swift in Sources */ = {isa = PBXBuildFile; fileRef = E78FEC8AE76BA99DD9C0D319 /* LoginView.swift */; };
		BE005D1BE09E2C75CD6DF52A /* NumberDisplayView.swift in Sources */ = {isa = PBXBuildFile; fileRef = D58BD92F660AAFA9DC57F77A /* NumberDisplayView.swift */; };
		EDFBA29E514368E49456E0D5 /* Assets.xcassets in Resources */ = {isa = PBXBuildFile; fileRef = 88EC2AFAA9A451886375690E /* Assets.xcassets */; };
		F40E2522C752923FC8EB4420 /* SignupView.swift in Sources */ = {isa = PBXBuildFile; fileRef = CB61A8452B71F01117DBD6B9 /* SignupView.swift */; };
/* End PBXBuildFile section */

/* Begin PBXFileReference section */
		16A61F845CE7A349559C7090 /* DashboardView.swift */ = {isa = PBXFileReference; lastKnownFileType = sourcecode.swift; name = DashboardView.swift; path = ../../Views/DashboardView.swift; sourceTree = "<group>"; };
		230C20102E43B82400519AFB /* Theme.swift */ = {isa = PBXFileReference; lastKnownFileType = sourcecode.swift; path = Theme.swift; sourceTree = "<group>"; };
		38BFC837175CD511C1D03180 /* API.swift */ = {isa = PBXFileReference; lastKnownFileType = sourcecode.swift; path = API.swift; sourceTree = "<group>"; };
		3F28ED26404B9B9B517C906A /* RNGApp.app */ = {isa = PBXFileReference; explicitFileType = wrapper.application; path = RNGApp.app; sourceTree = BUILT_PRODUCTS_DIR; };
		409876DD02946C85A45F6979 /* Info.plist */ = {isa = PBXFileReference; lastKnownFileType = text.plist.xml; path = Info.plist; sourceTree = "<group>"; };
		88EC2AFAA9A451886375690E /* Assets.xcassets */ = {isa = PBXFileReference; lastKnownFileType = folder.assetcatalog; path = Assets.xcassets; sourceTree = "<group>"; };
		CB61A8452B71F01117DBD6B9 /* SignupView.swift */ = {isa = PBXFileReference; lastKnownFileType = sourcecode.swift; name = SignupView.swift; path = ../../Views/SignupView.swift; sourceTree = "<group>"; };
		CE80CEF3EEEAD5DCBAC0098C /* MainView.swift */ = {isa = PBXFileReference; lastKnownFileType = sourcecode.swift; path = MainView.swift; sourceTree = "<group>"; };
		D58BD92F660AAFA9DC57F77A /* NumberDisplayView.swift */ = {isa = PBXFileReference; lastKnownFileType = sourcecode.swift; name = NumberDisplayView.swift; path = ../../Views/NumberDisplayView.swift; sourceTree = "<group>"; };
		E3DE6CF77EFB458215882E5E /* ProfileView.swift */ = {isa = PBXFileReference; lastKnownFileType = sourcecode.swift; name = ProfileView.swift; path = ../../Views/ProfileView.swift; sourceTree = "<group>"; };
		E78FEC8AE76BA99DD9C0D319 /* LoginView.swift */ = {isa = PBXFileReference; lastKnownFileType = sourcecode.swift; name = LoginView.swift; path = ../../Views/LoginView.swift; sourceTree = "<group>"; };
		F1727A4718B7F994AFC988AD /* RNGApp.swift */ = {isa = PBXFileReference; lastKnownFileType = sourcecode.swift; path = RNGApp.swift; sourceTree = "<group>"; };
		FF86C7678F94B5CA6076694D /* HistoryView.swift */ = {isa = PBXFileReference; lastKnownFileType = sourcecode.swift; name = HistoryView.swift; path = ../../Views/HistoryView.swift; sourceTree = "<group>"; };
/* End PBXFileReference section */

/* Begin PBXFrameworksBuildPhase section */
		E3327DC542B334A19959A019 /* Frameworks */ = {
			isa = PBXFrameworksBuildPhase;
			buildActionMask = 2147483647;
			files = (
			);
			runOnlyForDeploymentPostprocessing = 0;
		};
/* End PBXFrameworksBuildPhase section */

/* Begin PBXGroup section */
		09BD56AE699F287BB75F5ACA /* RNGApp */ = {
			isa = PBXGroup;
			children = (
				7961F9152E4A737F00EB1850 /* Model */,
				7961F9162E4A738500EB1850 /* Service */,
				7961F9142E4A732700EB1850 /* Resources */,
				7961F9132E4A732000EB1850 /* View */,
				F1727A4718B7F994AFC988AD /* RNGApp.swift */,
				88EC2AFAA9A451886375690E /* Assets.xcassets */,
				409876DD02946C85A45F6979 /* Info.plist */,
			);
			path = RNGApp;
			sourceTree = "<group>";
		};
		1ADC17B757CBFBEF76F74DDF /* Products */ = {
			isa = PBXGroup;
			children = (
				3F28ED26404B9B9B517C906A /* RNGApp.app */,
			);
			name = Products;
			sourceTree = "<group>";
		};
		451406C8D1220967964C23C1 = {
			isa = PBXGroup;
			children = (
				09BD56AE699F287BB75F5ACA /* RNGApp */,
				1ADC17B757CBFBEF76F74DDF /* Products */,
			);
			sourceTree = "<group>";
		};
		7961F9132E4A732000EB1850 /* View */ = {
			isa = PBXGroup;
			children = (
				7961F9172E4A73B800EB1850 /* Auth */,
				7961F9192E4A744F00EB1850 /* Main */,
				7961F9182E4A73BF00EB1850 /* Profile */,
				7961F91A2E4A747400EB1850 /* Utility */,
			);
			path = View;
			sourceTree = "<group>";
		};
		7961F9142E4A732700EB1850 /* Resources */ = {
			isa = PBXGroup;
			children = (
			);
			path = Resources;
			sourceTree = "<group>";
		};
		7961F9152E4A737F00EB1850 /* Model */ = {
			isa = PBXGroup;
			children = (
				230C20102E43B82400519AFB /* Theme.swift */,
			);
			path = Model;
			sourceTree = "<group>";
		};
		7961F9162E4A738500EB1850 /* Service */ = {
			isa = PBXGroup;
			children = (
				38BFC837175CD511C1D03180 /* API.swift */,
			);
			path = Service;
			sourceTree = "<group>";
		};
		7961F9172E4A73B800EB1850 /* Auth */ = {
			isa = PBXGroup;
			children = (
				E78FEC8AE76BA99DD9C0D319 /* LoginView.swift */,
				CB61A8452B71F01117DBD6B9 /* SignupView.swift */,
			);
			path = Auth;
			sourceTree = "<group>";
		};
		7961F9182E4A73BF00EB1850 /* Profile */ = {
			isa = PBXGroup;
			children = (
				E3DE6CF77EFB458215882E5E /* ProfileView.swift */,
				FF86C7678F94B5CA6076694D /* HistoryView.swift */,
			);
			path = Profile;
			sourceTree = "<group>";
		};
		7961F9192E4A744F00EB1850 /* Main */ = {
			isa = PBXGroup;
			children = (
				CE80CEF3EEEAD5DCBAC0098C /* MainView.swift */,
				16A61F845CE7A349559C7090 /* DashboardView.swift */,
			);
			path = Main;
			sourceTree = "<group>";
		};
		7961F91A2E4A747400EB1850 /* Utility */ = {
			isa = PBXGroup;
			children = (
				D58BD92F660AAFA9DC57F77A /* NumberDisplayView.swift */,
			);
			path = Utility;
			sourceTree = "<group>";
		};
/* End PBXGroup section */

/* Begin PBXNativeTarget section */
		6E9597D9745FED0D2CE46EAF /* RNGApp */ = {
			isa = PBXNativeTarget;
			buildConfigurationList = 95E8F3D95DEB9CDA6112B66C /* Build configuration list for PBXNativeTarget "RNGApp" */;
			buildPhases = (
				3681BE572ECECCE886CAABB3 /* Sources */,
				E3327DC542B334A19959A019 /* Frameworks */,
				E205F925DE189AD9207661E4 /* Resources */,
			);
			buildRules = (
			);
			dependencies = (
			);
			name = RNGApp;
			productName = RNGApp;
			productReference = 3F28ED26404B9B9B517C906A /* RNGApp.app */;
			productType = "com.apple.product-type.application";
		};
/* End PBXNativeTarget section */

/* Begin PBXProject section */
		72FB0FB68C601759D7C57882 /* Project object */ = {
			isa = PBXProject;
			attributes = {
			};
			buildConfigurationList = 75500E5B9A4FF21A141D0292 /* Build configuration list for PBXProject "RNGApp" */;
			compatibilityVersion = "Xcode 14.0";
			developmentRegion = en;
			hasScannedForEncodings = 0;
			knownRegions = (
				en,
			);
			mainGroup = 451406C8D1220967964C23C1;
			productRefGroup = 1ADC17B757CBFBEF76F74DDF /* Products */;
			projectDirPath = "";
			projectRoot = "";
			targets = (
				6E9597D9745FED0D2CE46EAF /* RNGApp */,
			);
		};
/* End PBXProject section */

/* Begin PBXResourcesBuildPhase section */
		E205F925DE189AD9207661E4 /* Resources */ = {
			isa = PBXResourcesBuildPhase;
			buildActionMask = 2147483647;
			files = (
				EDFBA29E514368E49456E0D5 /* Assets.xcassets in Resources */,
			);
			runOnlyForDeploymentPostprocessing = 0;
		};
/* End PBXResourcesBuildPhase section */

/* Begin PBXSourcesBuildPhase section */
		3681BE572ECECCE886CAABB3 /* Sources */ = {
			isa = PBXSourcesBuildPhase;
			buildActionMask = 2147483647;
			files = (
				62E4E46D08DE8749D10CD45B /* RNGApp.swift in Sources */,
				7242BB97A66C23BC804AECFC /* MainView.swift in Sources */,
				BBF43E2454DA7B59F56A135E /* LoginView.swift in Sources */,
				F40E2522C752923FC8EB4420 /* SignupView.swift in Sources */,
				BA98272A02055990E212CD18 /* DashboardView.swift in Sources */,
				A3BE4C84DD474B391A54F9B8 /* ProfileView.swift in Sources */,
				5FA2321949039A474A3A9585 /* HistoryView.swift in Sources */,
				230C20112E43B82400519AFB /* Theme.swift in Sources */,
				BE005D1BE09E2C75CD6DF52A /* NumberDisplayView.swift in Sources */,
				52A748F95ABEA0A7EA6356F9 /* API.swift in Sources */,
			);
			runOnlyForDeploymentPostprocessing = 0;
		};
/* End PBXSourcesBuildPhase section */

/* Begin XCBuildConfiguration section */
		4C6B8C773608B5B4AB30BFB3 /* Debug */ = {
			isa = XCBuildConfiguration;
			buildSettings = {
				INFOPLIST_FILE = RNGApp/Info.plist;
				LD_RUNPATH_SEARCH_PATHS = "@executable_path/Frameworks";
				PRODUCT_BUNDLE_IDENTIFIER = com.example.RNGApp;
				PRODUCT_NAME = "$(TARGET_NAME)";
				SUPPORTED_PLATFORMS = "iphoneos iphonesimulator macosx";
				SUPPORTS_MACCATALYST = NO;
				SWIFT_OPTIMIZATION_LEVEL = "-Onone";
				SWIFT_VERSION = 5.0;
				TARGETED_DEVICE_FAMILY = "1,2";
			};
			name = Debug;
		};
		CB8F652FDE4DD83D6CD06842 /* Release */ = {
			isa = XCBuildConfiguration;
			buildSettings = {
			};
			name = Release;
		};
		CE27467405DEB4B216F7852E /* Debug */ = {
			isa = XCBuildConfiguration;
			buildSettings = {
			};
			name = Debug;
		};
		F64ACEA2339604666BC673BA /* Release */ = {
			isa = XCBuildConfiguration;
			buildSettings = {
				INFOPLIST_FILE = RNGApp/Info.plist;
				LD_RUNPATH_SEARCH_PATHS = "@executable_path/Frameworks";
				PRODUCT_BUNDLE_IDENTIFIER = com.example.RNGApp;
				PRODUCT_NAME = "$(TARGET_NAME)";
				SUPPORTED_PLATFORMS = "iphoneos iphonesimulator macosx";
				SUPPORTS_MACCATALYST = NO;
				SWIFT_OPTIMIZATION_LEVEL = "-Onone";
				SWIFT_VERSION = 5.0;
				TARGETED_DEVICE_FAMILY = "1,2";
			};
			name = Release;
		};
/* End XCBuildConfiguration section */

/* Begin XCConfigurationList section */
		75500E5B9A4FF21A141D0292 /* Build configuration list for PBXProject "RNGApp" */ = {
			isa = XCConfigurationList;
			buildConfigurations = (
				CE27467405DEB4B216F7852E /* Debug */,
				CB8F652FDE4DD83D6CD06842 /* Release */,
			);
			defaultConfigurationIsVisible = 0;
			defaultConfigurationName = Debug;
		};
		95E8F3D95DEB9CDA6112B66C /* Build configuration list for PBXNativeTarget "RNGApp" */ = {
			isa = XCConfigurationList;
			buildConfigurations = (
				4C6B8C773608B5B4AB30BFB3 /* Debug */,
				F64ACEA2339604666BC673BA /* Release */,
			);
			defaultConfigurationIsVisible = 0;
			defaultConfigurationName = Debug;
		};
/* End XCConfigurationList section */
	};
	rootObject = 72FB0FB68C601759D7C57882 /* Project object */;
}
